{
  "name": "shortroute",
  "version": "1.0.0",
  "dependencies": {
    "ansi-regex": {
      "version": "2.0.0",
      "from": "ansi-regex@>=2.0.0 <3.0.0",
      "resolved": "https://registry.npmjs.org/ansi-regex/-/ansi-regex-2.0.0.tgz"
    },
    "ansi-styles": {
      "version": "2.2.1",
      "from": "ansi-styles@>=2.2.1 <3.0.0",
      "resolved": "https://registry.npmjs.org/ansi-styles/-/ansi-styles-2.2.1.tgz"
    },
    "babel-code-frame": {
      "version": "6.16.0",
      "from": "babel-code-frame@>=6.16.0 <7.0.0",
      "resolved": "https://registry.npmjs.org/babel-code-frame/-/babel-code-frame-6.16.0.tgz"
    },
    "babel-core": {
      "version": "6.17.0",
      "from": "babel-core@>=6.16.0 <7.0.0",
      "resolved": "https://registry.npmjs.org/babel-core/-/babel-core-6.17.0.tgz"
    },
    "babel-generator": {
      "version": "6.17.0",
      "from": "babel-generator@>=6.17.0 <7.0.0",
      "resolved": "https://registry.npmjs.org/babel-generator/-/babel-generator-6.17.0.tgz"
    },
    "babel-helpers": {
      "version": "6.16.0",
      "from": "babel-helpers@>=6.16.0 <7.0.0",
      "resolved": "https://registry.npmjs.org/babel-helpers/-/babel-helpers-6.16.0.tgz"
    },
    "babel-messages": {
      "version": "6.8.0",
      "from": "babel-messages@>=6.8.0 <7.0.0",
      "resolved": "https://registry.npmjs.org/babel-messages/-/babel-messages-6.8.0.tgz"
    },
    "babel-register": {
      "version": "6.16.3",
      "from": "babel-register@>=6.16.3 <7.0.0",
      "resolved": "https://registry.npmjs.org/babel-register/-/babel-register-6.16.3.tgz"
    },
    "babel-runtime": {
      "version": "6.11.6",
      "from": "babel-runtime@>=6.11.6 <7.0.0",
      "resolved": "https://registry.npmjs.org/babel-runtime/-/babel-runtime-6.11.6.tgz"
    },
    "babel-template": {
      "version": "6.16.0",
      "from": "babel-template@>=6.16.0 <7.0.0",
      "resolved": "https://registry.npmjs.org/babel-template/-/babel-template-6.16.0.tgz"
    },
    "babel-traverse": {
      "version": "6.16.0",
      "from": "babel-traverse@>=6.16.0 <7.0.0",
      "resolved": "https://registry.npmjs.org/babel-traverse/-/babel-traverse-6.16.0.tgz"
    },
    "babel-types": {
      "version": "6.16.0",
      "from": "babel-types@>=6.16.0 <7.0.0",
      "resolved": "https://registry.npmjs.org/babel-types/-/babel-types-6.16.0.tgz"
    },
    "babylon": {
      "version": "6.12.0",
      "from": "babylon@>=6.11.0 <7.0.0",
      "resolved": "https://registry.npmjs.org/babylon/-/babylon-6.12.0.tgz"
    },
    "balanced-match": {
      "version": "0.4.2",
      "from": "balanced-match@>=0.4.1 <0.5.0",
      "resolved": "https://registry.npmjs.org/balanced-match/-/balanced-match-0.4.2.tgz"
    },
    "brace-expansion": {
      "version": "1.1.6",
      "from": "brace-expansion@>=1.0.0 <2.0.0",
      "resolved": "https://registry.npmjs.org/brace-expansion/-/brace-expansion-1.1.6.tgz"
    },
    "browser-stdout": {
      "version": "1.3.0",
      "from": "browser-stdout@1.3.0",
      "resolved": "https://registry.npmjs.org/browser-stdout/-/browser-stdout-1.3.0.tgz"
    },
    "chalk": {
      "version": "1.1.3",
      "from": "chalk@>=1.1.0 <2.0.0",
      "resolved": "https://registry.npmjs.org/chalk/-/chalk-1.1.3.tgz"
    },
    "commander": {
      "version": "2.9.0",
      "from": "commander@>=2.9.0 <3.0.0",
      "resolved": "https://registry.npmjs.org/commander/-/commander-2.9.0.tgz"
    },
    "concat-map": {
      "version": "0.0.1",
      "from": "concat-map@0.0.1",
      "resolved": "https://registry.npmjs.org/concat-map/-/concat-map-0.0.1.tgz"
    },
    "convert-source-map": {
      "version": "1.3.0",
      "from": "convert-source-map@>=1.1.0 <2.0.0",
      "resolved": "https://registry.npmjs.org/convert-source-map/-/convert-source-map-1.3.0.tgz"
    },
    "core-js": {
      "version": "2.4.1",
      "from": "core-js@>=2.4.0 <3.0.0",
      "resolved": "https://registry.npmjs.org/core-js/-/core-js-2.4.1.tgz"
    },
    "debug": {
      "version": "2.2.0",
      "from": "debug@>=2.1.1 <3.0.0",
      "resolved": "https://registry.npmjs.org/debug/-/debug-2.2.0.tgz"
    },
    "define-properties": {
      "version": "1.1.2",
      "from": "define-properties@>=1.1.2 <1.2.0",
      "resolved": "https://registry.npmjs.org/define-properties/-/define-properties-1.1.2.tgz"
    },
    "detect-indent": {
      "version": "3.0.1",
      "from": "detect-indent@>=3.0.1 <4.0.0",
      "resolved": "https://registry.npmjs.org/detect-indent/-/detect-indent-3.0.1.tgz"
    },
    "diff": {
      "version": "1.4.0",
      "from": "diff@1.4.0",
      "resolved": "https://registry.npmjs.org/diff/-/diff-1.4.0.tgz"
    },
    "es-abstract": {
      "version": "1.6.1",
      "from": "es-abstract@>=1.3.2 <2.0.0",
      "resolved": "https://registry.npmjs.org/es-abstract/-/es-abstract-1.6.1.tgz"
    },
    "es-to-primitive": {
      "version": "1.1.1",
      "from": "es-to-primitive@>=1.1.1 <2.0.0",
      "resolved": "https://registry.npmjs.org/es-to-primitive/-/es-to-primitive-1.1.1.tgz"
    },
    "escape-string-regexp": {
      "version": "1.0.5",
      "from": "escape-string-regexp@>=1.0.2 <2.0.0",
      "resolved": "https://registry.npmjs.org/escape-string-regexp/-/escape-string-regexp-1.0.5.tgz"
    },
    "esutils": {
      "version": "2.0.2",
      "from": "esutils@>=2.0.2 <3.0.0",
      "resolved": "https://registry.npmjs.org/esutils/-/esutils-2.0.2.tgz"
    },
    "expect": {
      "version": "1.20.2",
      "from": "expect@>=1.20.2 <2.0.0",
      "resolved": "https://registry.npmjs.org/expect/-/expect-1.20.2.tgz"
    },
    "foreach": {
      "version": "2.0.5",
      "from": "foreach@>=2.0.5 <3.0.0",
      "resolved": "https://registry.npmjs.org/foreach/-/foreach-2.0.5.tgz"
    },
    "fs.realpath": {
      "version": "1.0.0",
      "from": "fs.realpath@>=1.0.0 <2.0.0",
      "resolved": "https://registry.npmjs.org/fs.realpath/-/fs.realpath-1.0.0.tgz"
    },
    "function-bind": {
      "version": "1.1.0",
      "from": "function-bind@>=1.0.2 <2.0.0",
      "resolved": "https://registry.npmjs.org/function-bind/-/function-bind-1.1.0.tgz"
    },
    "get-stdin": {
      "version": "4.0.1",
      "from": "get-stdin@>=4.0.1 <5.0.0",
      "resolved": "https://registry.npmjs.org/get-stdin/-/get-stdin-4.0.1.tgz"
    },
    "glob": {
      "version": "7.0.5",
      "from": "glob@7.0.5",
      "resolved": "https://registry.npmjs.org/glob/-/glob-7.0.5.tgz"
    },
    "globals": {
      "version": "8.18.0",
      "from": "globals@>=8.3.0 <9.0.0",
      "resolved": "https://registry.npmjs.org/globals/-/globals-8.18.0.tgz"
    },
    "graceful-readlink": {
      "version": "1.0.1",
      "from": "graceful-readlink@>=1.0.0",
      "resolved": "https://registry.npmjs.org/graceful-readlink/-/graceful-readlink-1.0.1.tgz"
    },
    "growl": {
      "version": "1.9.2",
      "from": "growl@1.9.2",
      "resolved": "https://registry.npmjs.org/growl/-/growl-1.9.2.tgz"
    },
    "has": {
      "version": "1.0.1",
      "from": "has@>=1.0.1 <2.0.0",
      "resolved": "https://registry.npmjs.org/has/-/has-1.0.1.tgz"
    },
    "has-ansi": {
      "version": "2.0.0",
      "from": "has-ansi@>=2.0.0 <3.0.0",
      "resolved": "https://registry.npmjs.org/has-ansi/-/has-ansi-2.0.0.tgz"
    },
    "has-flag": {
      "version": "1.0.0",
      "from": "has-flag@>=1.0.0 <2.0.0",
      "resolved": "https://registry.npmjs.org/has-flag/-/has-flag-1.0.0.tgz"
    },
    "home-or-tmp": {
      "version": "1.0.0",
      "from": "home-or-tmp@>=1.0.0 <2.0.0",
      "resolved": "https://registry.npmjs.org/home-or-tmp/-/home-or-tmp-1.0.0.tgz"
    },
    "inflight": {
      "version": "1.0.6",
      "from": "inflight@>=1.0.4 <2.0.0",
      "resolved": "https://registry.npmjs.org/inflight/-/inflight-1.0.6.tgz"
    },
    "inherits": {
      "version": "2.0.3",
      "from": "inherits@>=2.0.0 <3.0.0",
      "resolved": "https://registry.npmjs.org/inherits/-/inherits-2.0.3.tgz"
    },
    "invariant": {
      "version": "2.2.1",
      "from": "invariant@>=2.2.0 <3.0.0",
      "resolved": "https://registry.npmjs.org/invariant/-/invariant-2.2.1.tgz"
    },
    "is-arrow-function": {
      "version": "2.0.3",
      "from": "is-arrow-function@>=2.0.3 <3.0.0",
      "resolved": "https://registry.npmjs.org/is-arrow-function/-/is-arrow-function-2.0.3.tgz"
    },
    "is-boolean-object": {
      "version": "1.0.0",
      "from": "is-boolean-object@>=1.0.0 <2.0.0",
      "resolved": "https://registry.npmjs.org/is-boolean-object/-/is-boolean-object-1.0.0.tgz"
    },
    "is-callable": {
      "version": "1.1.3",
      "from": "is-callable@>=1.1.3 <2.0.0",
      "resolved": "https://registry.npmjs.org/is-callable/-/is-callable-1.1.3.tgz"
    },
    "is-date-object": {
      "version": "1.0.1",
      "from": "is-date-object@>=1.0.1 <2.0.0",
      "resolved": "https://registry.npmjs.org/is-date-object/-/is-date-object-1.0.1.tgz"
    },
    "is-equal": {
      "version": "1.5.3",
      "from": "is-equal@>=1.5.1 <2.0.0",
      "resolved": "https://registry.npmjs.org/is-equal/-/is-equal-1.5.3.tgz"
    },
    "is-finite": {
      "version": "1.0.2",
      "from": "is-finite@>=1.0.0 <2.0.0",
      "resolved": "https://registry.npmjs.org/is-finite/-/is-finite-1.0.2.tgz"
    },
    "is-generator-function": {
      "version": "1.0.3",
      "from": "is-generator-function@>=1.0.3 <2.0.0",
      "resolved": "https://registry.npmjs.org/is-generator-function/-/is-generator-function-1.0.3.tgz"
    },
    "is-number-object": {
      "version": "1.0.3",
      "from": "is-number-object@>=1.0.3 <2.0.0",
      "resolved": "https://registry.npmjs.org/is-number-object/-/is-number-object-1.0.3.tgz"
    },
    "is-regex": {
      "version": "1.0.3",
      "from": "is-regex@>=1.0.3 <2.0.0",
      "resolved": "https://registry.npmjs.org/is-regex/-/is-regex-1.0.3.tgz"
    },
    "is-string": {
      "version": "1.0.4",
      "from": "is-string@>=1.0.4 <2.0.0",
      "resolved": "https://registry.npmjs.org/is-string/-/is-string-1.0.4.tgz"
    },
    "is-symbol": {
      "version": "1.0.1",
      "from": "is-symbol@>=1.0.1 <2.0.0",
      "resolved": "https://registry.npmjs.org/is-symbol/-/is-symbol-1.0.1.tgz"
    },
    "js-tokens": {
      "version": "2.0.0",
      "from": "js-tokens@>=2.0.0 <3.0.0",
      "resolved": "https://registry.npmjs.org/js-tokens/-/js-tokens-2.0.0.tgz"
    },
    "jsesc": {
      "version": "1.3.0",
      "from": "jsesc@>=1.3.0 <2.0.0",
      "resolved": "https://registry.npmjs.org/jsesc/-/jsesc-1.3.0.tgz"
    },
    "json3": {
      "version": "3.3.2",
      "from": "json3@3.3.2",
      "resolved": "https://registry.npmjs.org/json3/-/json3-3.3.2.tgz"
    },
    "json5": {
      "version": "0.4.0",
      "from": "json5@>=0.4.0 <0.5.0",
      "resolved": "https://registry.npmjs.org/json5/-/json5-0.4.0.tgz"
    },
    "lodash": {
      "version": "4.16.4",
      "from": "lodash@>=4.2.0 <5.0.0",
      "resolved": "https://registry.npmjs.org/lodash/-/lodash-4.16.4.tgz"
    },
    "lodash._baseassign": {
      "version": "3.2.0",
      "from": "lodash._baseassign@>=3.0.0 <4.0.0",
      "resolved": "https://registry.npmjs.org/lodash._baseassign/-/lodash._baseassign-3.2.0.tgz"
    },
    "lodash._basecopy": {
      "version": "3.0.1",
      "from": "lodash._basecopy@>=3.0.0 <4.0.0",
      "resolved": "https://registry.npmjs.org/lodash._basecopy/-/lodash._basecopy-3.0.1.tgz"
    },
    "lodash._basecreate": {
      "version": "3.0.3",
      "from": "lodash._basecreate@>=3.0.0 <4.0.0",
      "resolved": "https://registry.npmjs.org/lodash._basecreate/-/lodash._basecreate-3.0.3.tgz"
    },
    "lodash._getnative": {
      "version": "3.9.1",
      "from": "lodash._getnative@>=3.0.0 <4.0.0",
      "resolved": "https://registry.npmjs.org/lodash._getnative/-/lodash._getnative-3.9.1.tgz"
    },
    "lodash._isiterateecall": {
      "version": "3.0.9",
      "from": "lodash._isiterateecall@>=3.0.0 <4.0.0",
      "resolved": "https://registry.npmjs.org/lodash._isiterateecall/-/lodash._isiterateecall-3.0.9.tgz"
    },
    "lodash.create": {
      "version": "3.1.1",
      "from": "lodash.create@3.1.1",
      "resolved": "https://registry.npmjs.org/lodash.create/-/lodash.create-3.1.1.tgz"
    },
    "lodash.isarguments": {
      "version": "3.1.0",
      "from": "lodash.isarguments@>=3.0.0 <4.0.0",
      "resolved": "https://registry.npmjs.org/lodash.isarguments/-/lodash.isarguments-3.1.0.tgz"
    },
    "lodash.isarray": {
      "version": "3.0.4",
      "from": "lodash.isarray@>=3.0.0 <4.0.0",
      "resolved": "https://registry.npmjs.org/lodash.isarray/-/lodash.isarray-3.0.4.tgz"
    },
    "lodash.keys": {
      "version": "3.1.2",
      "from": "lodash.keys@>=3.0.0 <4.0.0",
      "resolved": "https://registry.npmjs.org/lodash.keys/-/lodash.keys-3.1.2.tgz"
    },
    "loose-envify": {
      "version": "1.2.0",
      "from": "loose-envify@>=1.0.0 <2.0.0",
      "resolved": "https://registry.npmjs.org/loose-envify/-/loose-envify-1.2.0.tgz",
      "dependencies": {
        "js-tokens": {
          "version": "1.0.3",
          "from": "js-tokens@>=1.0.1 <2.0.0",
          "resolved": "https://registry.npmjs.org/js-tokens/-/js-tokens-1.0.3.tgz"
        }
      }
    },
    "minimatch": {
      "version": "3.0.3",
      "from": "minimatch@>=3.0.2 <4.0.0",
      "resolved": "https://registry.npmjs.org/minimatch/-/minimatch-3.0.3.tgz"
    },
    "minimist": {
      "version": "1.2.0",
      "from": "minimist@>=1.1.0 <2.0.0",
      "resolved": "https://registry.npmjs.org/minimist/-/minimist-1.2.0.tgz"
    },
    "mkdirp": {
      "version": "0.5.1",
      "from": "mkdirp@>=0.5.1 <0.6.0",
      "resolved": "https://registry.npmjs.org/mkdirp/-/mkdirp-0.5.1.tgz",
      "dependencies": {
        "minimist": {
          "version": "0.0.8",
          "from": "minimist@0.0.8",
          "resolved": "https://registry.npmjs.org/minimist/-/minimist-0.0.8.tgz"
        }
      }
    },
    "mocha": {
      "version": "3.1.2",
      "from": "mocha@>=3.1.2 <4.0.0",
      "resolved": "https://registry.npmjs.org/mocha/-/mocha-3.1.2.tgz",
      "dependencies": {
        "supports-color": {
          "version": "3.1.2",
          "from": "supports-color@3.1.2",
          "resolved": "https://registry.npmjs.org/supports-color/-/supports-color-3.1.2.tgz"
        }
      }
    },
    "ms": {
      "version": "0.7.1",
      "from": "ms@0.7.1",
      "resolved": "https://registry.npmjs.org/ms/-/ms-0.7.1.tgz"
    },
    "number-is-nan": {
      "version": "1.0.1",
      "from": "number-is-nan@>=1.0.0 <2.0.0",
      "resolved": "https://registry.npmjs.org/number-is-nan/-/number-is-nan-1.0.1.tgz"
    },
    "object-inspect": {
      "version": "1.2.1",
      "from": "object-inspect@>=1.1.0 <2.0.0",
      "resolved": "https://registry.npmjs.org/object-inspect/-/object-inspect-1.2.1.tgz"
    },
    "object-keys": {
      "version": "1.0.11",
      "from": "object-keys@>=1.0.9 <2.0.0",
      "resolved": "https://registry.npmjs.org/object-keys/-/object-keys-1.0.11.tgz"
    },
    "object.entries": {
      "version": "1.0.3",
      "from": "object.entries@>=1.0.3 <2.0.0",
      "resolved": "https://registry.npmjs.org/object.entries/-/object.entries-1.0.3.tgz"
    },
    "once": {
      "version": "1.4.0",
      "from": "once@>=1.3.0 <2.0.0",
      "resolved": "https://registry.npmjs.org/once/-/once-1.4.0.tgz"
    },
    "os-tmpdir": {
      "version": "1.0.2",
      "from": "os-tmpdir@>=1.0.1 <2.0.0",
      "resolved": "https://registry.npmjs.org/os-tmpdir/-/os-tmpdir-1.0.2.tgz"
    },
    "path-exists": {
      "version": "1.0.0",
      "from": "path-exists@>=1.0.0 <2.0.0",
      "resolved": "https://registry.npmjs.org/path-exists/-/path-exists-1.0.0.tgz"
    },
    "path-is-absolute": {
      "version": "1.0.1",
      "from": "path-is-absolute@>=1.0.0 <2.0.0",
      "resolved": "https://registry.npmjs.org/path-is-absolute/-/path-is-absolute-1.0.1.tgz"
    },
    "private": {
      "version": "0.1.6",
      "from": "private@>=0.1.6 <0.2.0",
      "resolved": "https://registry.npmjs.org/private/-/private-0.1.6.tgz"
    },
    "regenerator-runtime": {
      "version": "0.9.5",
      "from": "regenerator-runtime@>=0.9.5 <0.10.0",
      "resolved": "https://registry.npmjs.org/regenerator-runtime/-/regenerator-runtime-0.9.5.tgz"
    },
    "repeating": {
      "version": "1.1.3",
      "from": "repeating@>=1.1.0 <2.0.0",
      "resolved": "https://registry.npmjs.org/repeating/-/repeating-1.1.3.tgz"
    },
    "shebang-regex": {
      "version": "1.0.0",
      "from": "shebang-regex@>=1.0.0 <2.0.0",
      "resolved": "https://registry.npmjs.org/shebang-regex/-/shebang-regex-1.0.0.tgz"
    },
    "slash": {
      "version": "1.0.0",
      "from": "slash@>=1.0.0 <2.0.0",
      "resolved": "https://registry.npmjs.org/slash/-/slash-1.0.0.tgz"
    },
    "source-map": {
      "version": "0.5.6",
      "from": "source-map@>=0.5.0 <0.6.0",
      "resolved": "https://registry.npmjs.org/source-map/-/source-map-0.5.6.tgz"
    },
    "source-map-support": {
      "version": "0.4.4",
      "from": "source-map-support@>=0.4.2 <0.5.0",
      "resolved": "https://registry.npmjs.org/source-map-support/-/source-map-support-0.4.4.tgz"
    },
    "strip-ansi": {
      "version": "3.0.1",
      "from": "strip-ansi@>=3.0.0 <4.0.0",
      "resolved": "https://registry.npmjs.org/strip-ansi/-/strip-ansi-3.0.1.tgz"
    },
    "supports-color": {
      "version": "2.0.0",
      "from": "supports-color@>=2.0.0 <3.0.0",
      "resolved": "https://registry.npmjs.org/supports-color/-/supports-color-2.0.0.tgz"
    },
    "tmatch": {
      "version": "2.0.1",
      "from": "tmatch@>=2.0.1 <3.0.0",
      "resolved": "https://registry.npmjs.org/tmatch/-/tmatch-2.0.1.tgz"
    },
    "to-fast-properties": {
      "version": "1.0.2",
      "from": "to-fast-properties@>=1.0.1 <2.0.0",
      "resolved": "https://registry.npmjs.org/to-fast-properties/-/to-fast-properties-1.0.2.tgz"
    },
    "user-home": {
      "version": "1.1.1",
      "from": "user-home@>=1.1.1 <2.0.0",
      "resolved": "https://registry.npmjs.org/user-home/-/user-home-1.1.1.tgz"
    },
    "wrappy": {
      "version": "1.0.2",
      "from": "wrappy@>=1.0.0 <2.0.0",
      "resolved": "https://registry.npmjs.org/wrappy/-/wrappy-1.0.2.tgz"
    }
  }
}
